
Microsoft Visual Studio Solution File, Format Version 12.00
Project("{FAE04EC0-301F-11D3-BF4B-00C04F79EFBC}") = "RIEditor", "RIEditor\RIEditor.csproj", "{F841B745-F762-4792-B9F1-4EE0363A9403}"
EndProject
Project("{FAE04EC0-301F-11D3-BF4B-00C04F79EFBC}") = "RIEngine", "RIEngine\RIEngine.csproj", "{37540FA3-F8D0-4DA0-9AA2-C0D80CDCF1F3}"
EndProject
Global
	GlobalSection(SolutionConfigurationPlatforms) = preSolution
		Debug|Any CPU = Debug|Any CPU
		Release|Any CPU = Release|Any CPU
	EndGlobalSection
	GlobalSection(ProjectConfigurationPlatforms) = postSolution
		{F841B745-F762-4792-B9F1-4EE0363A9403}.Debug|Any CPU.ActiveCfg = Debug|Any CPU
		{F841B745-F762-4792-B9F1-4EE0363A9403}.Debug|Any CPU.Build.0 = Debug|Any CPU
		{F841B745-F762-4792-B9F1-4EE0363A9403}.Release|Any CPU.ActiveCfg = Release|Any CPU
		{F841B745-F762-4792-B9F1-4EE0363A9403}.Release|Any CPU.Build.0 = Release|Any CPU
		{37540FA3-F8D0-4DA0-9AA2-C0D80CDCF1F3}.Debug|Any CPU.ActiveCfg = Debug|Any CPU
		{37540FA3-F8D0-4DA0-9AA2-C0D80CDCF1F3}.Debug|Any CPU.Build.0 = Debug|Any CPU
		{37540FA3-F8D0-4DA0-9AA2-C0D80CDCF1F3}.Release|Any CPU.ActiveCfg = Release|Any CPU
		{37540FA3-F8D0-4DA0-9AA2-C0D80CDCF1F3}.Release|Any CPU.Build.0 = Release|Any CPU
	EndGlobalSection
EndGlobal
